// !$*UTF8*$!
{
	archiveVersion = 1;
	classes = {
	};
	objectVersion = 56;
	objects = {

/* Begin PBXBuildFile section */
		E1980023293B72D0008F4E28 /* User.swift in Sources */ = {isa = PBXBuildFile; fileRef = E1980022293B72D0008F4E28 /* User.swift */; };
		E1980025293B7390008F4E28 /* Api Manager.swift in Sources */ = {isa = PBXBuildFile; fileRef = E1980024293B7390008F4E28 /* Api Manager.swift */; };
		E1B30551293B616F00BFD235 /* AppDelegate.swift in Sources */ = {isa = PBXBuildFile; fileRef = E1B30550293B616F00BFD235 /* AppDelegate.swift */; };
		E1B30553293B617000BFD235 /* SceneDelegate.swift in Sources */ = {isa = PBXBuildFile; fileRef = E1B30552293B616F00BFD235 /* SceneDelegate.swift */; };
		E1B30555293B617000BFD235 /* UserViewController.swift in Sources */ = {isa = PBXBuildFile; fileRef = E1B30554293B617000BFD235 /* UserViewController.swift */; };
		E1B3055A293B617200BFD235 /* Assets.xcassets in Resources */ = {isa = PBXBuildFile; fileRef = E1B30559293B617200BFD235 /* Assets.xcassets */; };
		E1B3055D293B617200BFD235 /* LaunchScreen.storyboard in Resources */ = {isa = PBXBuildFile; fileRef = E1B3055B293B617200BFD235 /* LaunchScreen.storyboard */; };
		E1B30568293B617200BFD235 /* DummyDataPOPTests.swift in Sources */ = {isa = PBXBuildFile; fileRef = E1B30567293B617200BFD235 /* DummyDataPOPTests.swift */; };
		E1B30572293B617200BFD235 /* DummyDataPOPUITests.swift in Sources */ = {isa = PBXBuildFile; fileRef = E1B30571293B617200BFD235 /* DummyDataPOPUITests.swift */; };
		E1B30574293B617200BFD235 /* DummyDataPOPUITestsLaunchTests.swift in Sources */ = {isa = PBXBuildFile; fileRef = E1B30573293B617200BFD235 /* DummyDataPOPUITestsLaunchTests.swift */; };
/* End PBXBuildFile section */

/* Begin PBXContainerItemProxy section */
		E1B30564293B617200BFD235 /* PBXContainerItemProxy */ = {
			isa = PBXContainerItemProxy;
			containerPortal = E1B30545293B616F00BFD235 /* Project object */;
			proxyType = 1;
			remoteGlobalIDString = E1B3054C293B616F00BFD235;
			remoteInfo = DummyDataPOP;
		};
		E1B3056E293B617200BFD235 /* PBXContainerItemProxy */ = {
			isa = PBXContainerItemProxy;
			containerPortal = E1B30545293B616F00BFD235 /* Project object */;
			proxyType = 1;
			remoteGlobalIDString = E1B3054C293B616F00BFD235;
			remoteInfo = DummyDataPOP;
		};
/* End PBXContainerItemProxy section */

/* Begin PBXFileReference section */
		E1980022293B72D0008F4E28 /* User.swift */ = {isa = PBXFileReference; lastKnownFileType = sourcecode.swift; path = User.swift; sourceTree = "<group>"; };
		E1980024293B7390008F4E28 /* Api Manager.swift */ = {isa = PBXFileReference; lastKnownFileType = sourcecode.swift; path = "Api Manager.swift"; sourceTree = "<group>"; };
		E1B3054D293B616F00BFD235 /* DummyDataPOP.app */ = {isa = PBXFileReference; explicitFileType = wrapper.application; includeInIndex = 0; path = DummyDataPOP.app; sourceTree = BUILT_PRODUCTS_DIR; };
		E1B30550293B616F00BFD235 /* AppDelegate.swift */ = {isa = PBXFileReference; lastKnownFileType = sourcecode.swift; path = AppDelegate.swift; sourceTree = "<group>"; };
		E1B30552293B616F00BFD235 /* SceneDelegate.swift */ = {isa = PBXFileReference; lastKnownFileType = sourcecode.swift; path = SceneDelegate.swift; sourceTree = "<group>"; };
		E1B30554293B617000BFD235 /* UserViewController.swift */ = {isa = PBXFileReference; lastKnownFileType = sourcecode.swift; path = UserViewController.swift; sourceTree = "<group>"; };
		E1B30559293B617200BFD235 /* Assets.xcassets */ = {isa = PBXFileReference; lastKnownFileType = folder.assetcatalog; path = Assets.xcassets; sourceTree = "<group>"; };
		E1B3055C293B617200BFD235 /* Base */ = {isa = PBXFileReference; lastKnownFileType = file.storyboard; name = Base; path = Base.lproj/LaunchScreen.storyboard; sourceTree = "<group>"; };
		E1B3055E293B617200BFD235 /* Info.plist */ = {isa = PBXFileReference; lastKnownFileType = text.plist.xml; path = Info.plist; sourceTree = "<group>"; };
		E1B30563293B617200BFD235 /* DummyDataPOPTests.xctest */ = {isa = PBXFileReference; explicitFileType = wrapper.cfbundle; includeInIndex = 0; path = DummyDataPOPTests.xctest; sourceTree = BUILT_PRODUCTS_DIR; };
		E1B30567293B617200BFD235 /* DummyDataPOPTests.swift */ = {isa = PBXFileReference; lastKnownFileType = sourcecode.swift; path = DummyDataPOPTests.swift; sourceTree = "<group>"; };
		E1B3056D293B617200BFD235 /* DummyDataPOPUITests.xctest */ = {isa = PBXFileReference; explicitFileType = wrapper.cfbundle; includeInIndex = 0; path = DummyDataPOPUITests.xctest; sourceTree = BUILT_PRODUCTS_DIR; };
		E1B30571293B617200BFD235 /* DummyDataPOPUITests.swift */ = {isa = PBXFileReference; lastKnownFileType = sourcecode.swift; path = DummyDataPOPUITests.swift; sourceTree = "<group>"; };
		E1B30573293B617200BFD235 /* DummyDataPOPUITestsLaunchTests.swift */ = {isa = PBXFileReference; lastKnownFileType = sourcecode.swift; path = DummyDataPOPUITestsLaunchTests.swift; sourceTree = "<group>"; };
/* End PBXFileReference section */

/* Begin PBXFrameworksBuildPhase section */
		E1B3054A293B616F00BFD235 /* Frameworks */ = {
			isa = PBXFrameworksBuildPhase;
			buildActionMask = 2147483647;
			files = (
			);
			runOnlyForDeploymentPostprocessing = 0;
		};
		E1B30560293B617200BFD235 /* Frameworks */ = {
			isa = PBXFrameworksBuildPhase;
			buildActionMask = 2147483647;
			files = (
			);
			runOnlyForDeploymentPostprocessing = 0;
		};
		E1B3056A293B617200BFD235 /* Frameworks */ = {
			isa = PBXFrameworksBuildPhase;
			buildActionMask = 2147483647;
			files = (
			);
			runOnlyForDeploymentPostprocessing = 0;
		};
/* End PBXFrameworksBuildPhase section */

/* Begin PBXGroup section */
		E198001F293B7279008F4E28 /* Model */ = {
			isa = PBXGroup;
			children = (
				E1980022293B72D0008F4E28 /* User.swift */,
			);
			path = Model;
			sourceTree = "<group>";
		};
		E1980020293B7284008F4E28 /* Service */ = {
			isa = PBXGroup;
			children = (
				E1980024293B7390008F4E28 /* Api Manager.swift */,
			);
			path = Service;
			sourceTree = "<group>";
		};
		E1980021293B7299008F4E28 /* View */ = {
			isa = PBXGroup;
			children = (
				E1B30554293B617000BFD235 /* UserViewController.swift */,
			);
			path = View;
			sourceTree = "<group>";
		};
		E1B30544293B616F00BFD235 = {
			isa = PBXGroup;
			children = (
				E1B3054F293B616F00BFD235 /* DummyDataPOP */,
				E1B30566293B617200BFD235 /* DummyDataPOPTests */,
				E1B30570293B617200BFD235 /* DummyDataPOPUITests */,
				E1B3054E293B616F00BFD235 /* Products */,
			);
			sourceTree = "<group>";
		};
		E1B3054E293B616F00BFD235 /* Products */ = {
			isa = PBXGroup;
			children = (
				E1B3054D293B616F00BFD235 /* DummyDataPOP.app */,
				E1B30563293B617200BFD235 /* DummyDataPOPTests.xctest */,
				E1B3056D293B617200BFD235 /* DummyDataPOPUITests.xctest */,
			);
			name = Products;
			sourceTree = "<group>";
		};
		E1B3054F293B616F00BFD235 /* DummyDataPOP */ = {
			isa = PBXGroup;
			children = (
				E1980021293B7299008F4E28 /* View */,
				E198001F293B7279008F4E28 /* Model */,
				E1980020293B7284008F4E28 /* Service */,
				E1B30550293B616F00BFD235 /* AppDelegate.swift */,
				E1B30552293B616F00BFD235 /* SceneDelegate.swift */,
				E1B30559293B617200BFD235 /* Assets.xcassets */,
				E1B3055B293B617200BFD235 /* LaunchScreen.storyboard */,
				E1B3055E293B617200BFD235 /* Info.plist */,
			);
			path = DummyDataPOP;
			sourceTree = "<group>";
		};
		E1B30566293B617200BFD235 /* DummyDataPOPTests */ = {
			isa = PBXGroup;
			children = (
				E1B30567293B617200BFD235 /* DummyDataPOPTests.swift */,
			);
			path = DummyDataPOPTests;
			sourceTree = "<group>";
		};
		E1B30570293B617200BFD235 /* DummyDataPOPUITests */ = {
			isa = PBXGroup;
			children = (
				E1B30571293B617200BFD235 /* DummyDataPOPUITests.swift */,
				E1B30573293B617200BFD235 /* DummyDataPOPUITestsLaunchTests.swift */,
			);
			path = DummyDataPOPUITests;
			sourceTree = "<group>";
		};
/* End PBXGroup section */

/* Begin PBXNativeTarget section */
		E1B3054C293B616F00BFD235 /* DummyDataPOP */ = {
			isa = PBXNativeTarget;
			buildConfigurationList = E1B30577293B617200BFD235 /* Build configuration list for PBXNativeTarget "DummyDataPOP" */;
			buildPhases = (
				E1B30549293B616F00BFD235 /* Sources */,
				E1B3054A293B616F00BFD235 /* Frameworks */,
				E1B3054B293B616F00BFD235 /* Resources */,
			);
			buildRules = (
			);
			dependencies = (
			);
			name = DummyDataPOP;
			productName = DummyDataPOP;
			productReference = E1B3054D293B616F00BFD235 /* DummyDataPOP.app */;
			productType = "com.apple.product-type.application";
		};
		E1B30562293B617200BFD235 /* DummyDataPOPTests */ = {
			isa = PBXNativeTarget;
			buildConfigurationList = E1B3057A293B617200BFD235 /* Build configuration list for PBXNativeTarget "DummyDataPOPTests" */;
			buildPhases = (
				E1B3055F293B617200BFD235 /* Sources */,
				E1B30560293B617200BFD235 /* Frameworks */,
				E1B30561293B617200BFD235 /* Resources */,
			);
			buildRules = (
			);
			dependencies = (
				E1B30565293B617200BFD235 /* PBXTargetDependency */,
			);
			name = DummyDataPOPTests;
			productName = DummyDataPOPTests;
			productReference = E1B30563293B617200BFD235 /* DummyDataPOPTests.xctest */;
			productType = "com.apple.product-type.bundle.unit-test";
		};
		E1B3056C293B617200BFD235 /* DummyDataPOPUITests */ = {
			isa = PBXNativeTarget;
			buildConfigurationList = E1B3057D293B617200BFD235 /* Build configuration list for PBXNativeTarget "DummyDataPOPUITests" */;
			buildPhases = (
				E1B30569293B617200BFD235 /* Sources */,
				E1B3056A293B617200BFD235 /* Frameworks */,
				E1B3056B293B617200BFD235 /* Resources */,
			);
			buildRules = (
			);
			dependencies = (
				E1B3056F293B617200BFD235 /* PBXTargetDependency */,
			);
			name = DummyDataPOPUITests;
			productName = DummyDataPOPUITests;
			productReference = E1B3056D293B617200BFD235 /* DummyDataPOPUITests.xctest */;
			productType = "com.apple.product-type.bundle.ui-testing";
		};
/* End PBXNativeTarget section */

/* Begin PBXProject section */
		E1B30545293B616F00BFD235 /* Project object */ = {
			isa = PBXProject;
			attributes = {
				BuildIndependentTargetsInParallel = 1;
				LastSwiftUpdateCheck = 1400;
				LastUpgradeCheck = 1400;
				TargetAttributes = {
					E1B3054C293B616F00BFD235 = {
						CreatedOnToolsVersion = 14.0;
					};
					E1B30562293B617200BFD235 = {
						CreatedOnToolsVersion = 14.0;
						TestTargetID = E1B3054C293B616F00BFD235;
					};
					E1B3056C293B617200BFD235 = {
						CreatedOnToolsVersion = 14.0;
						TestTargetID = E1B3054C293B616F00BFD235;
					};
				};
			};
			buildConfigurationList = E1B30548293B616F00BFD235 /* Build configuration list for PBXProject "DummyDataPOP" */;
			compatibilityVersion = "Xcode 14.0";
			developmentRegion = en;
			hasScannedForEncodings = 0;
			knownRegions = (
				en,
				Base,
			);
			mainGroup = E1B30544293B616F00BFD235;
			productRefGroup = E1B3054E293B616F00BFD235 /* Products */;
			projectDirPath = "";
			projectRoot = "";
			targets = (
				E1B3054C293B616F00BFD235 /* DummyDataPOP */,
				E1B30562293B617200BFD235 /* DummyDataPOPTests */,
				E1B3056C293B617200BFD235 /* DummyDataPOPUITests */,
			);
		};
/* End PBXProject section */

/* Begin PBXResourcesBuildPhase section */
		E1B3054B293B616F00BFD235 /* Resources */ = {
			isa = PBXResourcesBuildPhase;
			buildActionMask = 2147483647;
			files = (
				E1B3055D293B617200BFD235 /* LaunchScreen.storyboard in Resources */,
				E1B3055A293B617200BFD235 /* Assets.xcassets in Resources */,
			);
			runOnlyForDeploymentPostprocessing = 0;
		};
		E1B30561293B617200BFD235 /* Resources */ = {
			isa = PBXResourcesBuildPhase;
			buildActionMask = 2147483647;
			files = (
			);
			runOnlyForDeploymentPostprocessing = 0;
		};
		E1B3056B293B617200BFD235 /* Resources */ = {
			isa = PBXResourcesBuildPhase;
			buildActionMask = 2147483647;
			files = (
			);
			runOnlyForDeploymentPostprocessing = 0;
		};
/* End PBXResourcesBuildPhase section */

/* Begin PBXSourcesBuildPhase section */
		E1B30549293B616F00BFD235 /* Sources */ = {
			isa = PBXSourcesBuildPhase;
			buildActionMask = 2147483647;
			files = (
				E1980023293B72D0008F4E28 /* User.swift in Sources */,
				E1B30555293B617000BFD235 /* UserViewController.swift in Sources */,
				E1B30551293B616F00BFD235 /* AppDelegate.swift in Sources */,
				E1B30553293B617000BFD235 /* SceneDelegate.swift in Sources */,
				E1980025293B7390008F4E28 /* Api Manager.swift in Sources */,
			);
			runOnlyForDeploymentPostprocessing = 0;
		};
		E1B3055F293B617200BFD235 /* Sources */ = {
			isa = PBXSourcesBuildPhase;
			buildActionMask = 2147483647;
			files = (
				E1B30568293B617200BFD235 /* DummyDataPOPTests.swift in Sources */,
			);
			runOnlyForDeploymentPostprocessing = 0;
		};
		E1B30569293B617200BFD235 /* Sources */ = {
			isa = PBXSourcesBuildPhase;
			buildActionMask = 2147483647;
			files = (
				E1B30572293B617200BFD235 /* DummyDataPOPUITests.swift in Sources */,
				E1B30574293B617200BFD235 /* DummyDataPOPUITestsLaunchTests.swift in Sources */,
			);
			runOnlyForDeploymentPostprocessing = 0;
		};
/* End PBXSourcesBuildPhase section */

/* Begin PBXTargetDependency section */
		E1B30565293B617200BFD235 /* PBXTargetDependency */ = {
			isa = PBXTargetDependency;
			target = E1B3054C293B616F00BFD235 /* DummyDataPOP */;
			targetProxy = E1B30564293B617200BFD235 /* PBXContainerItemProxy */;
		};
		E1B3056F293B617200BFD235 /* PBXTargetDependency */ = {
			isa = PBXTargetDependency;
			target = E1B3054C293B616F00BFD235 /* DummyDataPOP */;
			targetProxy = E1B3056E293B617200BFD235 /* PBXContainerItemProxy */;
		};
/* End PBXTargetDependency section */

/* Begin PBXVariantGroup section */
		E1B3055B293B617200BFD235 /* LaunchScreen.storyboard */ = {
			isa = PBXVariantGroup;
			children = (
				E1B3055C293B617200BFD235 /* Base */,
			);
			name = LaunchScreen.storyboard;
			sourceTree = "<group>";
		};
/* End PBXVariantGroup section */

/* Begin XCBuildConfiguration section */
		E1B30575293B617200BFD235 /* Debug */ = {
			isa = XCBuildConfiguration;
			buildSettings = {
				ALWAYS_SEARCH_USER_PATHS = NO;
				CLANG_ANALYZER_NONNULL = YES;
				CLANG_ANALYZER_NUMBER_OBJECT_CONVERSION = YES_AGGRESSIVE;
				CLANG_CXX_LANGUAGE_STANDARD = "gnu++20";
				CLANG_ENABLE_MODULES = YES;
				CLANG_ENABLE_OBJC_ARC = YES;
				CLANG_ENABLE_OBJC_WEAK = YES;
				CLANG_WARN_BLOCK_CAPTURE_AUTORELEASING = YES;
				CLANG_WARN_BOOL_CONVERSION = YES;
				CLANG_WARN_COMMA = YES;
				CLANG_WARN_CONSTANT_CONVERSION = YES;
				CLANG_WARN_DEPRECATED_OBJC_IMPLEMENTATIONS = YES;
				CLANG_WARN_DIRECT_OBJC_ISA_USAGE = YES_ERROR;
				CLANG_WARN_DOCUMENTATION_COMMENTS = YES;
				CLANG_WARN_EMPTY_BODY = YES;
				CLANG_WARN_ENUM_CONVERSION = YES;
				CLANG_WARN_INFINITE_RECURSION = YES;
				CLANG_WARN_INT_CONVERSION = YES;
				CLANG_WARN_NON_LITERAL_NULL_CONVERSION = YES;
				CLANG_WARN_OBJC_IMPLICIT_RETAIN_SELF = YES;
				CLANG_WARN_OBJC_LITERAL_CONVERSION = YES;
				CLANG_WARN_OBJC_ROOT_CLASS = YES_ERROR;
				CLANG_WARN_QUOTED_INCLUDE_IN_FRAMEWORK_HEADER = YES;
				CLANG_WARN_RANGE_LOOP_ANALYSIS = YES;
				CLANG_WARN_STRICT_PROTOTYPES = YES;
				CLANG_WARN_SUSPICIOUS_MOVE = YES;
				CLANG_WARN_UNGUARDED_AVAILABILITY = YES_AGGRESSIVE;
				CLANG_WARN_UNREACHABLE_CODE = YES;
				CLANG_WARN__DUPLICATE_METHOD_MATCH = YES;
				COPY_PHASE_STRIP = NO;
				DEBUG_INFORMATION_FORMAT = dwarf;
				ENABLE_STRICT_OBJC_MSGSEND = YES;
				ENABLE_TESTABILITY = YES;
				GCC_C_LANGUAGE_STANDARD = gnu11;
				GCC_DYNAMIC_NO_PIC = NO;
				GCC_NO_COMMON_BLOCKS = YES;
				GCC_OPTIMIZATION_LEVEL = 0;
				GCC_PREPROCESSOR_DEFINITIONS = (
					"DEBUG=1",
					"$(inherited)",
				);
				GCC_WARN_64_TO_32_BIT_CONVERSION = YES;
				GCC_WARN_ABOUT_RETURN_TYPE = YES_ERROR;
				GCC_WARN_UNDECLARED_SELECTOR = YES;
				GCC_WARN_UNINITIALIZED_AUTOS = YES_AGGRESSIVE;
				GCC_WARN_UNUSED_FUNCTION = YES;
				GCC_WARN_UNUSED_VARIABLE = YES;
				IPHONEOS_DEPLOYMENT_TARGET = 16.0;
				MTL_ENABLE_DEBUG_INFO = INCLUDE_SOURCE;
				MTL_FAST_MATH = YES;
				ONLY_ACTIVE_ARCH = YES;
				SDKROOT = iphoneos;
				SWIFT_ACTIVE_COMPILATION_CONDITIONS = DEBUG;
				SWIFT_OPTIMIZATION_LEVEL = "-Onone";
			};
			name = Debug;
		};
		E1B30576293B617200BFD235 /* Release */ = {
			isa = XCBuildConfiguration;
			buildSettings = {
				ALWAYS_SEARCH_USER_PATHS = NO;
				CLANG_ANALYZER_NONNULL = YES;
				CLANG_ANALYZER_NUMBER_OBJECT_CONVERSION = YES_AGGRESSIVE;
				CLANG_CXX_LANGUAGE_STANDARD = "gnu++20";
				CLANG_ENABLE_MODULES = YES;
				CLANG_ENABLE_OBJC_ARC = YES;
				CLANG_ENABLE_OBJC_WEAK = YES;
				CLANG_WARN_BLOCK_CAPTURE_AUTORELEASING = YES;
				CLANG_WARN_BOOL_CONVERSION = YES;
				CLANG_WARN_COMMA = YES;
				CLANG_WARN_CONSTANT_CONVERSION = YES;
				CLANG_WARN_DEPRECATED_OBJC_IMPLEMENTATIONS = YES;
				CLANG_WARN_DIRECT_OBJC_ISA_USAGE = YES_ERROR;
				CLANG_WARN_DOCUMENTATION_COMMENTS = YES;
				CLANG_WARN_EMPTY_BODY = YES;
				CLANG_WARN_ENUM_CONVERSION = YES;
				CLANG_WARN_INFINITE_RECURSION = YES;
				CLANG_WARN_INT_CONVERSION = YES;
				CLANG_WARN_NON_LITERAL_NULL_CONVERSION = YES;
				CLANG_WARN_OBJC_IMPLICIT_RETAIN_SELF = YES;
				CLANG_WARN_OBJC_LITERAL_CONVERSION = YES;
				CLANG_WARN_OBJC_ROOT_CLASS = YES_ERROR;
				CLANG_WARN_QUOTED_INCLUDE_IN_FRAMEWORK_HEADER = YES;
				CLANG_WARN_RANGE_LOOP_ANALYSIS = YES;
				CLANG_WARN_STRICT_PROTOTYPES = YES;
				CLANG_WARN_SUSPICIOUS_MOVE = YES;
				CLANG_WARN_UNGUARDED_AVAILABILITY = YES_AGGRESSIVE;
				CLANG_WARN_UNREACHABLE_CODE = YES;
				CLANG_WARN__DUPLICATE_METHOD_MATCH = YES;
				COPY_PHASE_STRIP = NO;
				DEBUG_INFORMATION_FORMAT = "dwarf-with-dsym";
				ENABLE_NS_ASSERTIONS = NO;
				ENABLE_STRICT_OBJC_MSGSEND = YES;
				GCC_C_LANGUAGE_STANDARD = gnu11;
				GCC_NO_COMMON_BLOCKS = YES;
				GCC_WARN_64_TO_32_BIT_CONVERSION = YES;
				GCC_WARN_ABOUT_RETURN_TYPE = YES_ERROR;
				GCC_WARN_UNDECLARED_SELECTOR = YES;
				GCC_WARN_UNINITIALIZED_AUTOS = YES_AGGRESSIVE;
				GCC_WARN_UNUSED_FUNCTION = YES;
				GCC_WARN_UNUSED_VARIABLE = YES;
				IPHONEOS_DEPLOYMENT_TARGET = 16.0;
				MTL_ENABLE_DEBUG_INFO = NO;
				MTL_FAST_MATH = YES;
				SDKROOT = iphoneos;
				SWIFT_COMPILATION_MODE = wholemodule;
				SWIFT_OPTIMIZATION_LEVEL = "-O";
				VALIDATE_PRODUCT = YES;
			};
			name = Release;
		};
		E1B30578293B617200BFD235 /* Debug */ = {
			isa = XCBuildConfiguration;
			buildSettings = {
				ASSETCATALOG_COMPILER_APPICON_NAME = AppIcon;
				ASSETCATALOG_COMPILER_GLOBAL_ACCENT_COLOR_NAME = AccentColor;
				CODE_SIGN_STYLE = Automatic;
				CURRENT_PROJECT_VERSION = 1;
				DEVELOPMENT_TEAM = H2XFH58KK6;
				GENERATE_INFOPLIST_FILE = YES;
				INFOPLIST_FILE = DummyDataPOP/Info.plist;
				INFOPLIST_KEY_UIApplicationSupportsIndirectInputEvents = YES;
				INFOPLIST_KEY_UILaunchStoryboardName = LaunchScreen;
				INFOPLIST_KEY_UISupportedInterfaceOrientations_iPad = "UIInterfaceOrientationPortrait UIInterfaceOrientationPortraitUpsideDown UIInterfaceOrientationLandscapeLeft UIInterfaceOrientationLandscapeRight";
				INFOPLIST_KEY_UISupportedInterfaceOrientations_iPhone = "UIInterfaceOrientationPortrait UIInterfaceOrientationLandscapeLeft UIInterfaceOrientationLandscapeRight";
				LD_RUNPATH_SEARCH_PATHS = (
					"$(inherited)",
					"@executable_path/Frameworks",
				);
				MARKETING_VERSION = 1.0;
				PRODUCT_BUNDLE_IDENTIFIER = com.ekremyalcin.DummyDataPOP;
				PRODUCT_NAME = "$(TARGET_NAME)";
				SWIFT_EMIT_LOC_STRINGS = YES;
				SWIFT_VERSION = 5.0;
				TARGETED_DEVICE_FAMILY = "1,2";
			};
			name = Debug;
		};
		E1B30579293B617200BFD235 /* Release */ = {
			isa = XCBuildConfiguration;
			buildSettings = {
				ASSETCATALOG_COMPILER_APPICON_NAME = AppIcon;
				ASSETCATALOG_COMPILER_GLOBAL_ACCENT_COLOR_NAME = AccentColor;
				CODE_SIGN_STYLE = Automatic;
				CURRENT_PROJECT_VERSION = 1;
				DEVELOPMENT_TEAM = H2XFH58KK6;
				GENERATE_INFOPLIST_FILE = YES;
				INFOPLIST_FILE = DummyDataPOP/Info.plist;
				INFOPLIST_KEY_UIApplicationSupportsIndirectInputEvents = YES;
				INFOPLIST_KEY_UILaunchStoryboardName = LaunchScreen;
				INFOPLIST_KEY_UISupportedInterfaceOrientations_iPad = "UIInterfaceOrientationPortrait UIInterfaceOrientationPortraitUpsideDown UIInterfaceOrientationLandscapeLeft UIInterfaceOrientationLandscapeRight";
				INFOPLIST_KEY_UISupportedInterfaceOrientations_iPhone = "UIInterfaceOrientationPortrait UIInterfaceOrientationLandscapeLeft UIInterfaceOrientationLandscapeRight";
				LD_RUNPATH_SEARCH_PATHS = (
					"$(inherited)",
					"@executable_path/Frameworks",
				);
				MARKETING_VERSION = 1.0;
				PRODUCT_BUNDLE_IDENTIFIER = com.ekremyalcin.DummyDataPOP;
				PRODUCT_NAME = "$(TARGET_NAME)";
				SWIFT_EMIT_LOC_STRINGS = YES;
				SWIFT_VERSION = 5.0;
				TARGETED_DEVICE_FAMILY = "1,2";
			};
			name = Release;
		};
		E1B3057B293B617200BFD235 /* Debug */ = {
			isa = XCBuildConfiguration;
			buildSettings = {
				ALWAYS_EMBED_SWIFT_STANDARD_LIBRARIES = YES;
				BUNDLE_LOADER = "$(TEST_HOST)";
				CODE_SIGN_STYLE = Automatic;
				CURRENT_PROJECT_VERSION = 1;
				DEVELOPMENT_TEAM = H2XFH58KK6;
				GENERATE_INFOPLIST_FILE = YES;
				IPHONEOS_DEPLOYMENT_TARGET = 16.0;
				MARKETING_VERSION = 1.0;
				PRODUCT_BUNDLE_IDENTIFIER = com.ekremyalcin.DummyDataPOPTests;
				PRODUCT_NAME = "$(TARGET_NAME)";
				SWIFT_EMIT_LOC_STRINGS = NO;
				SWIFT_VERSION = 5.0;
				TARGETED_DEVICE_FAMILY = "1,2";
				TEST_HOST = "$(BUILT_PRODUCTS_DIR)/DummyDataPOP.app/$(BUNDLE_EXECUTABLE_FOLDER_PATH)/DummyDataPOP";
			};
			name = Debug;
		};
		E1B3057C293B617200BFD235 /* Release */ = {
			isa = XCBuildConfiguration;
			buildSettings = {
				ALWAYS_EMBED_SWIFT_STANDARD_LIBRARIES = YES;
				BUNDLE_LOADER = "$(TEST_HOST)";
				CODE_SIGN_STYLE = Automatic;
				CURRENT_PROJECT_VERSION = 1;
				DEVELOPMENT_TEAM = H2XFH58KK6;
				GENERATE_INFOPLIST_FILE = YES;
				IPHONEOS_DEPLOYMENT_TARGET = 16.0;
				MARKETING_VERSION = 1.0;
				PRODUCT_BUNDLE_IDENTIFIER = com.ekremyalcin.DummyDataPOPTests;
				PRODUCT_NAME = "$(TARGET_NAME)";
				SWIFT_EMIT_LOC_STRINGS = NO;
				SWIFT_VERSION = 5.0;
				TARGETED_DEVICE_FAMILY = "1,2";
				TEST_HOST = "$(BUILT_PRODUCTS_DIR)/DummyDataPOP.app/$(BUNDLE_EXECUTABLE_FOLDER_PATH)/DummyDataPOP";
			};
			name = Release;
		};
		E1B3057E293B617200BFD235 /* Debug */ = {
			isa = XCBuildConfiguration;
			buildSettings = {
				ALWAYS_EMBED_SWIFT_STANDARD_LIBRARIES = YES;
				CODE_SIGN_STYLE = Automatic;
				CURRENT_PROJECT_VERSION = 1;
				DEVELOPMENT_TEAM = H2XFH58KK6;
				GENERATE_INFOPLIST_FILE = YES;
				MARKETING_VERSION = 1.0;
				PRODUCT_BUNDLE_IDENTIFIER = com.ekremyalcin.DummyDataPOPUITests;
				PRODUCT_NAME = "$(TARGET_NAME)";
				SWIFT_EMIT_LOC_STRINGS = NO;
				SWIFT_VERSION = 5.0;
				TARGETED_DEVICE_FAMILY = "1,2";
				TEST_TARGET_NAME = DummyDataPOP;
			};
			name = Debug;
		};
		E1B3057F293B617200BFD235 /* Release */ = {
			isa = XCBuildConfiguration;
			buildSettings = {
				ALWAYS_EMBED_SWIFT_STANDARD_LIBRARIES = YES;
				CODE_SIGN_STYLE = Automatic;
				CURRENT_PROJECT_VERSION = 1;
				DEVELOPMENT_TEAM = H2XFH58KK6;
				GENERATE_INFOPLIST_FILE = YES;
				MARKETING_VERSION = 1.0;
				PRODUCT_BUNDLE_IDENTIFIER = com.ekremyalcin.DummyDataPOPUITests;
				PRODUCT_NAME = "$(TARGET_NAME)";
				SWIFT_EMIT_LOC_STRINGS = NO;
				SWIFT_VERSION = 5.0;
				TARGETED_DEVICE_FAMILY = "1,2";
				TEST_TARGET_NAME = DummyDataPOP;
			};
			name = Release;
		};
/* End XCBuildConfiguration section */

/* Begin XCConfigurationList section */
		E1B30548293B616F00BFD235 /* Build configuration list for PBXProject "DummyDataPOP" */ = {
			isa = XCConfigurationList;
			buildConfigurations = (
				E1B30575293B617200BFD235 /* Debug */,
				E1B30576293B617200BFD235 /* Release */,
			);
			defaultConfigurationIsVisible = 0;
			defaultConfigurationName = Release;
		};
		E1B30577293B617200BFD235 /* Build configuration list for PBXNativeTarget "DummyDataPOP" */ = {
			isa = XCConfigurationList;
			buildConfigurations = (
				E1B30578293B617200BFD235 /* Debug */,
				E1B30579293B617200BFD235 /* Release */,
			);
			defaultConfigurationIsVisible = 0;
			defaultConfigurationName = Release;
		};
		E1B3057A293B617200BFD235 /* Build configuration list for PBXNativeTarget "DummyDataPOPTests" */ = {
			isa = XCConfigurationList;
			buildConfigurations = (
				E1B3057B293B617200BFD235 /* Debug */,
				E1B3057C293B617200BFD235 /* Release */,
			);
			defaultConfigurationIsVisible = 0;
			defaultConfigurationName = Release;
		};
		E1B3057D293B617200BFD235 /* Build configuration list for PBXNativeTarget "DummyDataPOPUITests" */ = {
			isa = XCConfigurationList;
			buildConfigurations = (
				E1B3057E293B617200BFD235 /* Debug */,
				E1B3057F293B617200BFD235 /* Release */,
			);
			defaultConfigurationIsVisible = 0;
			defaultConfigurationName = Release;
		};
/* End XCConfigurationList section */
	};
	rootObject = E1B30545293B616F00BFD235 /* Project object */;
}
